<?xml version="1.0" encoding="utf-8"?>
<Project ToolsVersion="4.0" xmlns="http://schemas.microsoft.com/developer/msbuild/2003">
  <ItemGroup>
    <ClCompile Include="main.cpp" />
    <ClCompile Include="Objet.cpp" />
    <ClCompile Include="SceneOpenGL.cpp" />
    <ClCompile Include="Shader.cpp" />
    <ClCompile Include="Cam.cpp" />
    <ClCompile Include="Matrix.cpp" />
    <ClCompile Include="Input.cpp" />
  </ItemGroup>
  <ItemGroup>
    <ClInclude Include="include\Objet.h">
      <Filter>Include</Filter>
    </ClInclude>
    <ClInclude Include="include\Shader.h">
      <Filter>Include</Filter>
    </ClInclude>
    <ClInclude Include="include\SceneOpenGL.h">
      <Filter>Include</Filter>
    </ClInclude>
    <ClInclude Include="include\Cam.h">
      <Filter>Include</Filter>
    </ClInclude>
    <ClInclude Include="include\Matrix.h">
      <Filter>Include</Filter>
    </ClInclude>
    <ClInclude Include="include\Input.h">
      <Filter>Include</Filter>
    </ClInclude>
  </ItemGroup>
  <ItemGroup>
    <None Include="Shaders\couleur3D.vert">
      <Filter>Shaders</Filter>
    </None>
    <None Include="Shaders\basique2D.frag">
      <Filter>Shaders</Filter>
    </None>
    <None Include="Shaders\basique2D.vert">
      <Filter>Shaders</Filter>
    </None>
    <None Include="Shaders\couleur2D.frag">
      <Filter>Shaders</Filter>
    </None>
    <None Include="Shaders\couleur2D.vert">
      <Filter>Shaders</Filter>
    </None>
    <None Include="Shaders\couleur3D.frag">
      <Filter>Shaders</Filter>
    </None>
    <None Include="Shaders\texture.vert">
      <Filter>Shaders</Filter>
    </None>
    <None Include="Shaders\texture.frag">
      <Filter>Shaders</Filter>
    </None>
    <None Include="Shaders\tron.fs">
      <Filter>Shaders</Filter>
    </None>
    <None Include="Shaders\tron.vs">
      <Filter>Shaders</Filter>
    </None>
  </ItemGroup>
  <ItemGroup>
    <Filter Include="Include">
      <UniqueIdentifier>{0466f601-c384-4020-9f53-656bb210aeed}</UniqueIdentifier>
    </Filter>
    <Filter Include="Shaders">
      <UniqueIdentifier>{982ff75c-1e1d-424a-9633-046ac0081c8e}</UniqueIdentifier>
    </Filter>
  </ItemGroup>
</Project>